{
  "name": "5am-translator",
  "lockfileVersion": 2,
  "requires": true,
  "packages": {
    "": {
      "dependencies": {
        "@npmcli/git": "^3.0.0",
        "child_process": "^1.0.2",
        "dotenv": "^16.0.0",
        "openai": "^2.0.4"
      },
      "devDependencies": {
        "husky": "^7.0.4"
      }
    },
    "node_modules/@npmcli/git": {
      "version": "3.0.0",
      "resolved": "https://registry.npmjs.org/@npmcli/git/-/git-3.0.0.tgz",
      "integrity": "sha512-xfSBJ+KBMZWWqRHFbEgIaXG/LtELHrQZMJ72Gkb3yWdHysu/7+VGOs8ME0c3td7QNQX57Ggo3kYL6ylcd70/kA==",
      "dependencies": {
        "@npmcli/promise-spawn": "^1.3.2",
        "lru-cache": "^7.3.1",
        "mkdirp": "^1.0.4",
        "npm-pick-manifest": "^7.0.0",
        "proc-log": "^2.0.0",
        "promise-inflight": "^1.0.1",
        "promise-retry": "^2.0.1",
        "semver": "^7.3.5",
        "which": "^2.0.2"
      },
      "engines": {
        "node": "^12.13.0 || ^14.15.0 || >=16"
      }
    },
    "node_modules/@npmcli/promise-spawn": {
      "version": "1.3.2",
      "resolved": "https://registry.npmjs.org/@npmcli/promise-spawn/-/promise-spawn-1.3.2.tgz",
      "integrity": "sha512-QyAGYo/Fbj4MXeGdJcFzZ+FkDkomfRBrPM+9QYJSg+PxgAUL+LU3FneQk37rKR2/zjqkCV1BLHccX98wRXG3Sg==",
      "dependencies": {
        "infer-owner": "^1.0.4"
      }
    },
    "node_modules/asynckit": {
      "version": "0.4.0",
      "resolved": "https://registry.npmjs.org/asynckit/-/asynckit-0.4.0.tgz",
      "integrity": "sha1-x57Zf380y48robyXkLzDZkdLS3k="
    },
    "node_modules/axios": {
      "version": "0.26.0",
      "resolved": "https://registry.npmjs.org/axios/-/axios-0.26.0.tgz",
      "integrity": "sha512-lKoGLMYtHvFrPVt3r+RBMp9nh34N0M8zEfCWqdWZx6phynIEhQqAdydpyBAAG211zlhX9Rgu08cOamy6XjE5Og==",
      "dependencies": {
        "follow-redirects": "^1.14.8"
      }
    },
    "node_modules/builtins": {
      "version": "1.0.3",
      "resolved": "https://registry.npmjs.org/builtins/-/builtins-1.0.3.tgz",
      "integrity": "sha1-y5T662HIaWRR2zZTThQi+U8K7og="
    },
    "node_modules/child_process": {
      "version": "1.0.2",
      "resolved": "https://registry.npmjs.org/child_process/-/child_process-1.0.2.tgz",
      "integrity": "sha1-sffn/HPSXn/R1FWtyU4UODAYK1o="
    },
    "node_modules/combined-stream": {
      "version": "1.0.8",
      "resolved": "https://registry.npmjs.org/combined-stream/-/combined-stream-1.0.8.tgz",
      "integrity": "sha512-FQN4MRfuJeHf7cBbBMJFXhKSDq+2kAArBlmRBvcvFE5BB1HZKXtSFASDhdlz9zOYwxh8lDdnvmMOe/+5cdoEdg==",
      "dependencies": {
        "delayed-stream": "~1.0.0"
      },
      "engines": {
        "node": ">= 0.8"
      }
    },
    "node_modules/delayed-stream": {
      "version": "1.0.0",
      "resolved": "https://registry.npmjs.org/delayed-stream/-/delayed-stream-1.0.0.tgz",
      "integrity": "sha1-3zrhmayt+31ECqrgsp4icrJOxhk=",
      "engines": {
        "node": ">=0.4.0"
      }
    },
    "node_modules/dotenv": {
      "version": "16.0.0",
      "resolved": "https://registry.npmjs.org/dotenv/-/dotenv-16.0.0.tgz",
      "integrity": "sha512-qD9WU0MPM4SWLPJy/r2Be+2WgQj8plChsyrCNQzW/0WjvcJQiKQJ9mH3ZgB3fxbUUxgc/11ZJ0Fi5KiimWGz2Q==",
      "engines": {
        "node": ">=12"
      }
    },
    "node_modules/err-code": {
      "version": "2.0.3",
      "resolved": "https://registry.npmjs.org/err-code/-/err-code-2.0.3.tgz",
      "integrity": "sha512-2bmlRpNKBxT/CRmPOlyISQpNj+qSeYvcym/uT0Jx2bMOlKLtSy1ZmLuVxSEKKyor/N5yhvp/ZiG1oE3DEYMSFA=="
    },
    "node_modules/follow-redirects": {
      "version": "1.14.9",
      "resolved": "https://registry.npmjs.org/follow-redirects/-/follow-redirects-1.14.9.tgz",
      "integrity": "sha512-MQDfihBQYMcyy5dhRDJUHcw7lb2Pv/TuE6xP1vyraLukNDHKbDxDNaOE3NbCAdKQApno+GPRyo1YAp89yCjK4w==",
      "funding": [
        {
          "type": "individual",
          "url": "https://github.com/sponsors/RubenVerborgh"
        }
      ],
      "engines": {
        "node": ">=4.0"
      },
      "peerDependenciesMeta": {
        "debug": {
          "optional": true
        }
      }
    },
    "node_modules/form-data": {
      "version": "4.0.0",
      "resolved": "https://registry.npmjs.org/form-data/-/form-data-4.0.0.tgz",
      "integrity": "sha512-ETEklSGi5t0QMZuiXoA/Q6vcnxcLQP5vdugSpuAyi6SVGi2clPPp+xgEhuMaHC+zGgn31Kd235W35f7Hykkaww==",
      "dependencies": {
        "asynckit": "^0.4.0",
        "combined-stream": "^1.0.8",
        "mime-types": "^2.1.12"
      },
      "engines": {
        "node": ">= 6"
      }
    },
    "node_modules/hosted-git-info": {
      "version": "4.1.0",
      "resolved": "https://registry.npmjs.org/hosted-git-info/-/hosted-git-info-4.1.0.tgz",
      "integrity": "sha512-kyCuEOWjJqZuDbRHzL8V93NzQhwIB71oFWSyzVo+KPZI+pnQPPxucdkrOZvkLRnrf5URsQM+IJ09Dw29cRALIA==",
      "dependencies": {
        "lru-cache": "^6.0.0"
      },
      "engines": {
        "node": ">=10"
      }
    },
    "node_modules/hosted-git-info/node_modules/lru-cache": {
      "version": "6.0.0",
      "resolved": "https://registry.npmjs.org/lru-cache/-/lru-cache-6.0.0.tgz",
      "integrity": "sha512-Jo6dJ04CmSjuznwJSS3pUeWmd/H0ffTlkXXgwZi+eq1UCmqQwCh+eLsYOYCwY991i2Fah4h1BEMCx4qThGbsiA==",
      "dependencies": {
        "yallist": "^4.0.0"
      },
      "engines": {
        "node": ">=10"
      }
    },
    "node_modules/husky": {
      "version": "7.0.4",
      "resolved": "https://registry.npmjs.org/husky/-/husky-7.0.4.tgz",
      "integrity": "sha512-vbaCKN2QLtP/vD4yvs6iz6hBEo6wkSzs8HpRah1Z6aGmF2KW5PdYuAd7uX5a+OyBZHBhd+TFLqgjUgytQr4RvQ==",
      "dev": true,
      "bin": {
        "husky": "lib/bin.js"
      },
      "engines": {
        "node": ">=12"
      },
      "funding": {
        "url": "https://github.com/sponsors/typicode"
      }
    },
    "node_modules/infer-owner": {
      "version": "1.0.4",
      "resolved": "https://registry.npmjs.org/infer-owner/-/infer-owner-1.0.4.tgz",
      "integrity": "sha512-IClj+Xz94+d7irH5qRyfJonOdfTzuDaifE6ZPWfx0N0+/ATZCbuTPq2prFl526urkQd90WyUKIh1DfBQ2hMz9A=="
    },
    "node_modules/isexe": {
      "version": "2.0.0",
      "resolved": "https://registry.npmjs.org/isexe/-/isexe-2.0.0.tgz",
      "integrity": "sha1-6PvzdNxVb/iUehDcsFctYz8s+hA="
    },
    "node_modules/lru-cache": {
      "version": "7.4.0",
      "resolved": "https://registry.npmjs.org/lru-cache/-/lru-cache-7.4.0.tgz",
      "integrity": "sha512-YOfuyWa/Ee+PXbDm40j9WXyJrzQUynVbgn4Km643UYcWNcrSfRkKL0WaiUcxcIbkXcVTgNpDqSnPXntWXT75cw==",
      "engines": {
        "node": ">=12"
      }
    },
    "node_modules/mime-db": {
      "version": "1.51.0",
      "resolved": "https://registry.npmjs.org/mime-db/-/mime-db-1.51.0.tgz",
      "integrity": "sha512-5y8A56jg7XVQx2mbv1lu49NR4dokRnhZYTtL+KGfaa27uq4pSTXkwQkFJl4pkRMyNFz/EtYDSkiiEHx3F7UN6g==",
      "engines": {
        "node": ">= 0.6"
      }
    },
    "node_modules/mime-types": {
      "version": "2.1.34",
      "resolved": "https://registry.npmjs.org/mime-types/-/mime-types-2.1.34.tgz",
      "integrity": "sha512-6cP692WwGIs9XXdOO4++N+7qjqv0rqxxVvJ3VHPh/Sc9mVZcQP+ZGhkKiTvWMQRr2tbHkJP/Yn7Y0npb3ZBs4A==",
      "dependencies": {
        "mime-db": "1.51.0"
      },
      "engines": {
        "node": ">= 0.6"
      }
    },
    "node_modules/mkdirp": {
      "version": "1.0.4",
      "resolved": "https://registry.npmjs.org/mkdirp/-/mkdirp-1.0.4.tgz",
      "integrity": "sha512-vVqVZQyf3WLx2Shd0qJ9xuvqgAyKPLAiqITEtqW0oIUjzo3PePDd6fW9iFz30ef7Ysp/oiWqbhszeGWW2T6Gzw==",
      "bin": {
        "mkdirp": "bin/cmd.js"
      },
      "engines": {
        "node": ">=10"
      }
    },
    "node_modules/npm-install-checks": {
      "version": "4.0.0",
      "resolved": "https://registry.npmjs.org/npm-install-checks/-/npm-install-checks-4.0.0.tgz",
      "integrity": "sha512-09OmyDkNLYwqKPOnbI8exiOZU2GVVmQp7tgez2BPi5OZC8M82elDAps7sxC4l//uSUtotWqoEIDwjRvWH4qz8w==",
      "dependencies": {
        "semver": "^7.1.1"
      },
      "engines": {
        "node": ">=10"
      }
    },
    "node_modules/npm-normalize-package-bin": {
      "version": "1.0.1",
      "resolved": "https://registry.npmjs.org/npm-normalize-package-bin/-/npm-normalize-package-bin-1.0.1.tgz",
      "integrity": "sha512-EPfafl6JL5/rU+ot6P3gRSCpPDW5VmIzX959Ob1+ySFUuuYHWHekXpwdUZcKP5C+DS4GEtdJluwBjnsNDl+fSA=="
    },
    "node_modules/npm-package-arg": {
      "version": "9.0.0",
      "resolved": "https://registry.npmjs.org/npm-package-arg/-/npm-package-arg-9.0.0.tgz",
      "integrity": "sha512-yhzXxeor+Zfhe5MGwPdDumz6HtNlj2pMekWB95IX3CC6uDNgde0oPKHDCLDPoJqQfd0HqAWt+y4Hs5m7CK1+9Q==",
      "dependencies": {
        "hosted-git-info": "^4.1.0",
        "semver": "^7.3.5",
        "validate-npm-package-name": "^3.0.0"
      },
      "engines": {
        "node": "^12.13.0 || ^14.15.0 || >=16"
      }
    },
    "node_modules/npm-pick-manifest": {
      "version": "7.0.0",
      "resolved": "https://registry.npmjs.org/npm-pick-manifest/-/npm-pick-manifest-7.0.0.tgz",
      "integrity": "sha512-njM1AcdioFaKd0JSGtLO09YA1WRwctjGQJbnHGmKS+u+uwP8oFvtZtOQWPYdxrnY5eJud3wn8OpH4sEIx6+GEQ==",
      "dependencies": {
        "npm-install-checks": "^4.0.0",
        "npm-normalize-package-bin": "^1.0.1",
        "npm-package-arg": "^9.0.0",
        "semver": "^7.3.5"
      },
      "engines": {
        "node": "^12.13.0 || ^14.15.0 || >=16"
      }
    },
    "node_modules/openai": {
      "version": "2.0.4",
      "resolved": "https://registry.npmjs.org/openai/-/openai-2.0.4.tgz",
      "integrity": "sha512-S7i9BSbdQZwnW1sJRQ0ZRkZf/14UTYwqvyMbJmAIMbI/pFv9kgn5T7+ajml3MC2g3e1CAE7Y0LEt+DBOnDSWnA==",
      "dependencies": {
        "axios": "^0.26.0",
        "form-data": "^4.0.0"
      }
    },
    "node_modules/proc-log": {
      "version": "2.0.0",
      "resolved": "https://registry.npmjs.org/proc-log/-/proc-log-2.0.0.tgz",
      "integrity": "sha512-I/35MfCX2H8jBUhKN8JB8nmqvQo/nKdrBodBY7L3RhDSPPyvOHwLYNmPuhwuJq7a7C3vgFKWGQM+ecPStcvOHA==",
      "engines": {
        "node": "^12.13.0 || ^14.15.0 || >=16"
      }
    },
    "node_modules/promise-inflight": {
      "version": "1.0.1",
      "resolved": "https://registry.npmjs.org/promise-inflight/-/promise-inflight-1.0.1.tgz",
      "integrity": "sha1-mEcocL8igTL8vdhoEputEsPAKeM="
    },
    "node_modules/promise-retry": {
      "version": "2.0.1",
      "resolved": "https://registry.npmjs.org/promise-retry/-/promise-retry-2.0.1.tgz",
      "integrity": "sha512-y+WKFlBR8BGXnsNlIHFGPZmyDf3DFMoLhaflAnyZgV6rG6xu+JwesTo2Q9R6XwYmtmwAFCkAk3e35jEdoeh/3g==",
      "dependencies": {
        "err-code": "^2.0.2",
        "retry": "^0.12.0"
      },
      "engines": {
        "node": ">=10"
      }
    },
    "node_modules/retry": {
      "version": "0.12.0",
      "resolved": "https://registry.npmjs.org/retry/-/retry-0.12.0.tgz",
      "integrity": "sha1-G0KmJmoh8HQh0bC1S33BZ7AcATs=",
      "engines": {
        "node": ">= 4"
      }
    },
    "node_modules/semver": {
      "version": "7.3.5",
      "resolved": "https://registry.npmjs.org/semver/-/semver-7.3.5.tgz",
      "integrity": "sha512-PoeGJYh8HK4BTO/a9Tf6ZG3veo/A7ZVsYrSA6J8ny9nb3B1VrpkuN+z9OE5wfE5p6H4LchYZsegiQgbJD94ZFQ==",
      "dependencies": {
        "lru-cache": "^6.0.0"
      },
      "bin": {
        "semver": "bin/semver.js"
      },
      "engines": {
        "node": ">=10"
      }
    },
    "node_modules/semver/node_modules/lru-cache": {
      "version": "6.0.0",
      "resolved": "https://registry.npmjs.org/lru-cache/-/lru-cache-6.0.0.tgz",
      "integrity": "sha512-Jo6dJ04CmSjuznwJSS3pUeWmd/H0ffTlkXXgwZi+eq1UCmqQwCh+eLsYOYCwY991i2Fah4h1BEMCx4qThGbsiA==",
      "dependencies": {
        "yallist": "^4.0.0"
      },
      "engines": {
        "node": ">=10"
      }
    },
    "node_modules/validate-npm-package-name": {
      "version": "3.0.0",
      "resolved": "https://registry.npmjs.org/validate-npm-package-name/-/validate-npm-package-name-3.0.0.tgz",
      "integrity": "sha1-X6kS2B630MdK/BQN5zF/DKffQ34=",
      "dependencies": {
        "builtins": "^1.0.3"
      }
    },
    "node_modules/which": {
      "version": "2.0.2",
      "resolved": "https://registry.npmjs.org/which/-/which-2.0.2.tgz",
      "integrity": "sha512-BLI3Tl1TW3Pvl70l3yq3Y64i+awpwXqsGBYWkkqMtnbXgrMD+yj7rhW0kuEDxzJaYXGjEW5ogapKNMEKNMjibA==",
      "dependencies": {
        "isexe": "^2.0.0"
      },
      "bin": {
        "node-which": "bin/node-which"
      },
      "engines": {
        "node": ">= 8"
      }
    },
    "node_modules/yallist": {
      "version": "4.0.0",
      "resolved": "https://registry.npmjs.org/yallist/-/yallist-4.0.0.tgz",
      "integrity": "sha512-3wdGidZyq5PB084XLES5TpOSRA3wjXAlIWMhum2kRcv/41Sn2emQ0dycQW4uZXLejwKvg6EsvbdlVL+FYEct7A=="
    }
  },
  "dependencies": {
    "@npmcli/git": {
      "version": "3.0.0",
      "resolved": "https://registry.npmjs.org/@npmcli/git/-/git-3.0.0.tgz",
      "integrity": "sha512-xfSBJ+KBMZWWqRHFbEgIaXG/LtELHrQZMJ72Gkb3yWdHysu/7+VGOs8ME0c3td7QNQX57Ggo3kYL6ylcd70/kA==",
      "requires": {
        "@npmcli/promise-spawn": "^1.3.2",
        "lru-cache": "^7.3.1",
        "mkdirp": "^1.0.4",
        "npm-pick-manifest": "^7.0.0",
        "proc-log": "^2.0.0",
        "promise-inflight": "^1.0.1",
        "promise-retry": "^2.0.1",
        "semver": "^7.3.5",
        "which": "^2.0.2"
      }
    },
    "@npmcli/promise-spawn": {
      "version": "1.3.2",
      "resolved": "https://registry.npmjs.org/@npmcli/promise-spawn/-/promise-spawn-1.3.2.tgz",
      "integrity": "sha512-QyAGYo/Fbj4MXeGdJcFzZ+FkDkomfRBrPM+9QYJSg+PxgAUL+LU3FneQk37rKR2/zjqkCV1BLHccX98wRXG3Sg==",
      "requires": {
        "infer-owner": "^1.0.4"
      }
    },
    "asynckit": {
      "version": "0.4.0",
      "resolved": "https://registry.npmjs.org/asynckit/-/asynckit-0.4.0.tgz",
      "integrity": "sha1-x57Zf380y48robyXkLzDZkdLS3k="
    },
    "axios": {
      "version": "0.26.0",
      "resolved": "https://registry.npmjs.org/axios/-/axios-0.26.0.tgz",
      "integrity": "sha512-lKoGLMYtHvFrPVt3r+RBMp9nh34N0M8zEfCWqdWZx6phynIEhQqAdydpyBAAG211zlhX9Rgu08cOamy6XjE5Og==",
      "requires": {
        "follow-redirects": "^1.14.8"
      }
    },
    "builtins": {
      "version": "1.0.3",
      "resolved": "https://registry.npmjs.org/builtins/-/builtins-1.0.3.tgz",
      "integrity": "sha1-y5T662HIaWRR2zZTThQi+U8K7og="
    },
    "child_process": {
      "version": "1.0.2",
      "resolved": "https://registry.npmjs.org/child_process/-/child_process-1.0.2.tgz",
      "integrity": "sha1-sffn/HPSXn/R1FWtyU4UODAYK1o="
    },
    "combined-stream": {
      "version": "1.0.8",
      "resolved": "https://registry.npmjs.org/combined-stream/-/combined-stream-1.0.8.tgz",
      "integrity": "sha512-FQN4MRfuJeHf7cBbBMJFXhKSDq+2kAArBlmRBvcvFE5BB1HZKXtSFASDhdlz9zOYwxh8lDdnvmMOe/+5cdoEdg==",
      "requires": {
        "delayed-stream": "~1.0.0"
      }
    },
    "delayed-stream": {
      "version": "1.0.0",
      "resolved": "https://registry.npmjs.org/delayed-stream/-/delayed-stream-1.0.0.tgz",
      "integrity": "sha1-3zrhmayt+31ECqrgsp4icrJOxhk="
    },
    "dotenv": {
      "version": "16.0.0",
      "resolved": "https://registry.npmjs.org/dotenv/-/dotenv-16.0.0.tgz",
      "integrity": "sha512-qD9WU0MPM4SWLPJy/r2Be+2WgQj8plChsyrCNQzW/0WjvcJQiKQJ9mH3ZgB3fxbUUxgc/11ZJ0Fi5KiimWGz2Q=="
    },
    "err-code": {
      "version": "2.0.3",
      "resolved": "https://registry.npmjs.org/err-code/-/err-code-2.0.3.tgz",
      "integrity": "sha512-2bmlRpNKBxT/CRmPOlyISQpNj+qSeYvcym/uT0Jx2bMOlKLtSy1ZmLuVxSEKKyor/N5yhvp/ZiG1oE3DEYMSFA=="
    },
    "follow-redirects": {
      "version": "1.14.9",
      "resolved": "https://registry.npmjs.org/follow-redirects/-/follow-redirects-1.14.9.tgz",
      "integrity": "sha512-MQDfihBQYMcyy5dhRDJUHcw7lb2Pv/TuE6xP1vyraLukNDHKbDxDNaOE3NbCAdKQApno+GPRyo1YAp89yCjK4w=="
    },
    "form-data": {
      "version": "4.0.0",
      "resolved": "https://registry.npmjs.org/form-data/-/form-data-4.0.0.tgz",
      "integrity": "sha512-ETEklSGi5t0QMZuiXoA/Q6vcnxcLQP5vdugSpuAyi6SVGi2clPPp+xgEhuMaHC+zGgn31Kd235W35f7Hykkaww==",
      "requires": {
        "asynckit": "^0.4.0",
        "combined-stream": "^1.0.8",
        "mime-types": "^2.1.12"
      }
    },
    "hosted-git-info": {
      "version": "4.1.0",
      "resolved": "https://registry.npmjs.org/hosted-git-info/-/hosted-git-info-4.1.0.tgz",
      "integrity": "sha512-kyCuEOWjJqZuDbRHzL8V93NzQhwIB71oFWSyzVo+KPZI+pnQPPxucdkrOZvkLRnrf5URsQM+IJ09Dw29cRALIA==",
      "requires": {
        "lru-cache": "^6.0.0"
      },
      "dependencies": {
        "lru-cache": {
          "version": "6.0.0",
          "resolved": "https://registry.npmjs.org/lru-cache/-/lru-cache-6.0.0.tgz",
          "integrity": "sha512-Jo6dJ04CmSjuznwJSS3pUeWmd/H0ffTlkXXgwZi+eq1UCmqQwCh+eLsYOYCwY991i2Fah4h1BEMCx4qThGbsiA==",
          "requires": {
            "yallist": "^4.0.0"
          }
        }
      }
    },
    "husky": {
      "version": "7.0.4",
      "resolved": "https://registry.npmjs.org/husky/-/husky-7.0.4.tgz",
      "integrity": "sha512-vbaCKN2QLtP/vD4yvs6iz6hBEo6wkSzs8HpRah1Z6aGmF2KW5PdYuAd7uX5a+OyBZHBhd+TFLqgjUgytQr4RvQ==",
      "dev": true
    },
    "infer-owner": {
      "version": "1.0.4",
      "resolved": "https://registry.npmjs.org/infer-owner/-/infer-owner-1.0.4.tgz",
      "integrity": "sha512-IClj+Xz94+d7irH5qRyfJonOdfTzuDaifE6ZPWfx0N0+/ATZCbuTPq2prFl526urkQd90WyUKIh1DfBQ2hMz9A=="
    },
    "isexe": {
      "version": "2.0.0",
      "resolved": "https://registry.npmjs.org/isexe/-/isexe-2.0.0.tgz",
      "integrity": "sha1-6PvzdNxVb/iUehDcsFctYz8s+hA="
    },
    "lru-cache": {
      "version": "7.4.0",
      "resolved": "https://registry.npmjs.org/lru-cache/-/lru-cache-7.4.0.tgz",
      "integrity": "sha512-YOfuyWa/Ee+PXbDm40j9WXyJrzQUynVbgn4Km643UYcWNcrSfRkKL0WaiUcxcIbkXcVTgNpDqSnPXntWXT75cw=="
    },
    "mime-db": {
      "version": "1.51.0",
      "resolved": "https://registry.npmjs.org/mime-db/-/mime-db-1.51.0.tgz",
      "integrity": "sha512-5y8A56jg7XVQx2mbv1lu49NR4dokRnhZYTtL+KGfaa27uq4pSTXkwQkFJl4pkRMyNFz/EtYDSkiiEHx3F7UN6g=="
    },
    "mime-types": {
      "version": "2.1.34",
      "resolved": "https://registry.npmjs.org/mime-types/-/mime-types-2.1.34.tgz",
      "integrity": "sha512-6cP692WwGIs9XXdOO4++N+7qjqv0rqxxVvJ3VHPh/Sc9mVZcQP+ZGhkKiTvWMQRr2tbHkJP/Yn7Y0npb3ZBs4A==",
      "requires": {
        "mime-db": "1.51.0"
      }
    },
    "mkdirp": {
      "version": "1.0.4",
      "resolved": "https://registry.npmjs.org/mkdirp/-/mkdirp-1.0.4.tgz",
      "integrity": "sha512-vVqVZQyf3WLx2Shd0qJ9xuvqgAyKPLAiqITEtqW0oIUjzo3PePDd6fW9iFz30ef7Ysp/oiWqbhszeGWW2T6Gzw=="
    },
    "npm-install-checks": {
      "version": "4.0.0",
      "resolved": "https://registry.npmjs.org/npm-install-checks/-/npm-install-checks-4.0.0.tgz",
      "integrity": "sha512-09OmyDkNLYwqKPOnbI8exiOZU2GVVmQp7tgez2BPi5OZC8M82elDAps7sxC4l//uSUtotWqoEIDwjRvWH4qz8w==",
      "requires": {
        "semver": "^7.1.1"
      }
    },
    "npm-normalize-package-bin": {
      "version": "1.0.1",
      "resolved": "https://registry.npmjs.org/npm-normalize-package-bin/-/npm-normalize-package-bin-1.0.1.tgz",
      "integrity": "sha512-EPfafl6JL5/rU+ot6P3gRSCpPDW5VmIzX959Ob1+ySFUuuYHWHekXpwdUZcKP5C+DS4GEtdJluwBjnsNDl+fSA=="
    },
    "npm-package-arg": {
      "version": "9.0.0",
      "resolved": "https://registry.npmjs.org/npm-package-arg/-/npm-package-arg-9.0.0.tgz",
      "integrity": "sha512-yhzXxeor+Zfhe5MGwPdDumz6HtNlj2pMekWB95IX3CC6uDNgde0oPKHDCLDPoJqQfd0HqAWt+y4Hs5m7CK1+9Q==",
      "requires": {
        "hosted-git-info": "^4.1.0",
        "semver": "^7.3.5",
        "validate-npm-package-name": "^3.0.0"
      }
    },
    "npm-pick-manifest": {
      "version": "7.0.0",
      "resolved": "https://registry.npmjs.org/npm-pick-manifest/-/npm-pick-manifest-7.0.0.tgz",
      "integrity": "sha512-njM1AcdioFaKd0JSGtLO09YA1WRwctjGQJbnHGmKS+u+uwP8oFvtZtOQWPYdxrnY5eJud3wn8OpH4sEIx6+GEQ==",
      "requires": {
        "npm-install-checks": "^4.0.0",
        "npm-normalize-package-bin": "^1.0.1",
        "npm-package-arg": "^9.0.0",
        "semver": "^7.3.5"
      }
    },
    "openai": {
      "version": "2.0.4",
      "resolved": "https://registry.npmjs.org/openai/-/openai-2.0.4.tgz",
      "integrity": "sha512-S7i9BSbdQZwnW1sJRQ0ZRkZf/14UTYwqvyMbJmAIMbI/pFv9kgn5T7+ajml3MC2g3e1CAE7Y0LEt+DBOnDSWnA==",
      "requires": {
        "axios": "^0.26.0",
        "form-data": "^4.0.0"
      }
    },
    "proc-log": {
      "version": "2.0.0",
      "resolved": "https://registry.npmjs.org/proc-log/-/proc-log-2.0.0.tgz",
      "integrity": "sha512-I/35MfCX2H8jBUhKN8JB8nmqvQo/nKdrBodBY7L3RhDSPPyvOHwLYNmPuhwuJq7a7C3vgFKWGQM+ecPStcvOHA=="
    },
    "promise-inflight": {
      "version": "1.0.1",
      "resolved": "https://registry.npmjs.org/promise-inflight/-/promise-inflight-1.0.1.tgz",
      "integrity": "sha1-mEcocL8igTL8vdhoEputEsPAKeM="
    },
    "promise-retry": {
      "version": "2.0.1",
      "resolved": "https://registry.npmjs.org/promise-retry/-/promise-retry-2.0.1.tgz",
      "integrity": "sha512-y+WKFlBR8BGXnsNlIHFGPZmyDf3DFMoLhaflAnyZgV6rG6xu+JwesTo2Q9R6XwYmtmwAFCkAk3e35jEdoeh/3g==",
      "requires": {
        "err-code": "^2.0.2",
        "retry": "^0.12.0"
      }
    },
    "retry": {
      "version": "0.12.0",
      "resolved": "https://registry.npmjs.org/retry/-/retry-0.12.0.tgz",
      "integrity": "sha1-G0KmJmoh8HQh0bC1S33BZ7AcATs="
    },
    "semver": {
      "version": "7.3.5",
      "resolved": "https://registry.npmjs.org/semver/-/semver-7.3.5.tgz",
      "integrity": "sha512-PoeGJYh8HK4BTO/a9Tf6ZG3veo/A7ZVsYrSA6J8ny9nb3B1VrpkuN+z9OE5wfE5p6H4LchYZsegiQgbJD94ZFQ==",
      "requires": {
        "lru-cache": "^6.0.0"
      },
      "dependencies": {
        "lru-cache": {
          "version": "6.0.0",
          "resolved": "https://registry.npmjs.org/lru-cache/-/lru-cache-6.0.0.tgz",
          "integrity": "sha512-Jo6dJ04CmSjuznwJSS3pUeWmd/H0ffTlkXXgwZi+eq1UCmqQwCh+eLsYOYCwY991i2Fah4h1BEMCx4qThGbsiA==",
          "requires": {
            "yallist": "^4.0.0"
          }
        }
      }
    },
    "validate-npm-package-name": {
      "version": "3.0.0",
      "resolved": "https://registry.npmjs.org/validate-npm-package-name/-/validate-npm-package-name-3.0.0.tgz",
      "integrity": "sha1-X6kS2B630MdK/BQN5zF/DKffQ34=",
      "requires": {
        "builtins": "^1.0.3"
      }
    },
    "which": {
      "version": "2.0.2",
      "resolved": "https://registry.npmjs.org/which/-/which-2.0.2.tgz",
      "integrity": "sha512-BLI3Tl1TW3Pvl70l3yq3Y64i+awpwXqsGBYWkkqMtnbXgrMD+yj7rhW0kuEDxzJaYXGjEW5ogapKNMEKNMjibA==",
      "requires": {
        "isexe": "^2.0.0"
      }
    },
    "yallist": {
      "version": "4.0.0",
      "resolved": "https://registry.npmjs.org/yallist/-/yallist-4.0.0.tgz",
      "integrity": "sha512-3wdGidZyq5PB084XLES5TpOSRA3wjXAlIWMhum2kRcv/41Sn2emQ0dycQW4uZXLejwKvg6EsvbdlVL+FYEct7A=="
    }
  }
}
